#include <iostream>
#include <vector>

using namespace std;

void fillSnakeMatrix(int M, int N, vector<vector<int>>& matrix) {
    int counter = 1;

    for (int i = 0; i < M; ++i) {
        if (i % 2 == 0) {
            // Заповнення у звичайному порядку для парних рядків
            for (int j = 0; j < N; ++j) {
                matrix[i][j] = counter++;
            }
        }
        else {
            // Заповнення у зворотньому порядку для непарних рядків
            for (int j = N - 1; j >= 0; --j) {
                matrix[i][j] = counter++;
            }
        }
    }
}

int main() {
    setlocale(LC_ALL, "ukr");
    int M, N;

    // Введення розмірів матриці
    cout << "Введіть кількість рядків (M): ";
    cin >> M;
    cout << "Введіть кількість стовпців (N): ";
    cin >> N;

    // Створення та ініціалізація матриці нулями
    vector<vector<int>> snakeMatrix(M, vector<int>(N, 0));

    // Заповнення матриці "змійкою"
    fillSnakeMatrix(M, N, snakeMatrix);

    // Виведення заповненої матриці
    cout << "Snake Matrix:\n";
    for (int i = 0; i < M; ++i) {
        for (int j = 0; j < N; ++j) {
            cout << snakeMatrix[i][j] << "\t";
        }
        cout << endl;
    }

    return 0;
}
